// !$*UTF8*$!
{
	archiveVersion = 1;
	classes = {
	};
	objectVersion = 50;
	objects = {

/* Begin PBXBuildFile section */
		845D6F4223CCA90E00BEECBB /* AppDelegate.swift in Sources */ = {isa = PBXBuildFile; fileRef = 845D6F4123CCA90E00BEECBB /* AppDelegate.swift */; };
		845D6F4423CCA90E00BEECBB /* SceneDelegate.swift in Sources */ = {isa = PBXBuildFile; fileRef = 845D6F4323CCA90E00BEECBB /* SceneDelegate.swift */; };
		845D6F4623CCA90E00BEECBB /* ViewController.swift in Sources */ = {isa = PBXBuildFile; fileRef = 845D6F4523CCA90E00BEECBB /* ViewController.swift */; };
		845D6F4923CCA90E00BEECBB /* Main.storyboard in Resources */ = {isa = PBXBuildFile; fileRef = 845D6F4723CCA90E00BEECBB /* Main.storyboard */; };
		845D6F4B23CCA91000BEECBB /* Assets.xcassets in Resources */ = {isa = PBXBuildFile; fileRef = 845D6F4A23CCA91000BEECBB /* Assets.xcassets */; };
		845D6F4E23CCA91000BEECBB /* LaunchScreen.storyboard in Resources */ = {isa = PBXBuildFile; fileRef = 845D6F4C23CCA91000BEECBB /* LaunchScreen.storyboard */; };
		845D6F5623CCAD6B00BEECBB /* start.txt in Resources */ = {isa = PBXBuildFile; fileRef = 845D6F5523CCAD6B00BEECBB /* start.txt */; };
/* End PBXBuildFile section */

/* Begin PBXFileReference section */
		845D6F3E23CCA90E00BEECBB /* project5.app */ = {isa = PBXFileReference; explicitFileType = wrapper.application; includeInIndex = 0; path = project5.app; sourceTree = BUILT_PRODUCTS_DIR; };
		845D6F4123CCA90E00BEECBB /* AppDelegate.swift */ = {isa = PBXFileReference; lastKnownFileType = sourcecode.swift; path = AppDelegate.swift; sourceTree = "<group>"; };
		845D6F4323CCA90E00BEECBB /* SceneDelegate.swift */ = {isa = PBXFileReference; lastKnownFileType = sourcecode.swift; path = SceneDelegate.swift; sourceTree = "<group>"; };
		845D6F4523CCA90E00BEECBB /* ViewController.swift */ = {isa = PBXFileReference; lastKnownFileType = sourcecode.swift; path = ViewController.swift; sourceTree = "<group>"; };
		845D6F4823CCA90E00BEECBB /* Base */ = {isa = PBXFileReference; lastKnownFileType = file.storyboard; name = Base; path = Base.lproj/Main.storyboard; sourceTree = "<group>"; };
		845D6F4A23CCA91000BEECBB /* Assets.xcassets */ = {isa = PBXFileReference; lastKnownFileType = folder.assetcatalog; path = Assets.xcassets; sourceTree = "<group>"; };
		845D6F4D23CCA91000BEECBB /* Base */ = {isa = PBXFileReference; lastKnownFileType = file.storyboard; name = Base; path = Base.lproj/LaunchScreen.storyboard; sourceTree = "<group>"; };
		845D6F4F23CCA91000BEECBB /* Info.plist */ = {isa = PBXFileReference; lastKnownFileType = text.plist.xml; path = Info.plist; sourceTree = "<group>"; };
		845D6F5523CCAD6B00BEECBB /* start.txt */ = {isa = PBXFileReference; fileEncoding = 4; lastKnownFileType = text; path = start.txt; sourceTree = "<group>"; };
/* End PBXFileReference section */

/* Begin PBXFrameworksBuildPhase section */
		845D6F3B23CCA90E00BEECBB /* Frameworks */ = {
			isa = PBXFrameworksBuildPhase;
			buildActionMask = 2147483647;
			files = (
			);
			runOnlyForDeploymentPostprocessing = 0;
		};
/* End PBXFrameworksBuildPhase section */

/* Begin PBXGroup section */
		845D6F3523CCA90E00BEECBB = {
			isa = PBXGroup;
			children = (
				845D6F4023CCA90E00BEECBB /* project5 */,
				845D6F3F23CCA90E00BEECBB /* Products */,
			);
			sourceTree = "<group>";
		};
		845D6F3F23CCA90E00BEECBB /* Products */ = {
			isa = PBXGroup;
			children = (
				845D6F3E23CCA90E00BEECBB /* project5.app */,
			);
			name = Products;
			sourceTree = "<group>";
		};
		845D6F4023CCA90E00BEECBB /* project5 */ = {
			isa = PBXGroup;
			children = (
				845D6F5523CCAD6B00BEECBB /* start.txt */,
				845D6F4123CCA90E00BEECBB /* AppDelegate.swift */,
				845D6F4323CCA90E00BEECBB /* SceneDelegate.swift */,
				845D6F4523CCA90E00BEECBB /* ViewController.swift */,
				845D6F4723CCA90E00BEECBB /* Main.storyboard */,
				845D6F4A23CCA91000BEECBB /* Assets.xcassets */,
				845D6F4C23CCA91000BEECBB /* LaunchScreen.storyboard */,
				845D6F4F23CCA91000BEECBB /* Info.plist */,
			);
			path = project5;
			sourceTree = "<group>";
		};
/* End PBXGroup section */

/* Begin PBXNativeTarget section */
		845D6F3D23CCA90E00BEECBB /* project5 */ = {
			isa = PBXNativeTarget;
			buildConfigurationList = 845D6F5223CCA91000BEECBB /* Build configuration list for PBXNativeTarget "project5" */;
			buildPhases = (
				845D6F3A23CCA90E00BEECBB /* Sources */,
				845D6F3B23CCA90E00BEECBB /* Frameworks */,
				845D6F3C23CCA90E00BEECBB /* Resources */,
			);
			buildRules = (
			);
			dependencies = (
			);
			name = project5;
			productName = project5;
			productReference = 845D6F3E23CCA90E00BEECBB /* project5.app */;
			productType = "com.apple.product-type.application";
		};
/* End PBXNativeTarget section */

/* Begin PBXProject section */
		845D6F3623CCA90E00BEECBB /* Project object */ = {
			isa = PBXProject;
			attributes = {
				LastSwiftUpdateCheck = 1130;
				LastUpgradeCheck = 1130;
				ORGANIZATIONNAME = personal;
				TargetAttributes = {
					845D6F3D23CCA90E00BEECBB = {
						CreatedOnToolsVersion = 11.3;
					};
				};
			};
			buildConfigurationList = 845D6F3923CCA90E00BEECBB /* Build configuration list for PBXProject "project5" */;
			compatibilityVersion = "Xcode 9.3";
			developmentRegion = en;
			hasScannedForEncodings = 0;
			knownRegions = (
				en,
				Base,
			);
			mainGroup = 845D6F3523CCA90E00BEECBB;
			productRefGroup = 845D6F3F23CCA90E00BEECBB /* Products */;
			projectDirPath = "";
			projectRoot = "";
			targets = (
				845D6F3D23CCA90E00BEECBB /* project5 */,
			);
		};
/* End PBXProject section */

/* Begin PBXResourcesBuildPhase section */
		845D6F3C23CCA90E00BEECBB /* Resources */ = {
			isa = PBXResourcesBuildPhase;
			buildActionMask = 2147483647;
			files = (
				845D6F4E23CCA91000BEECBB /* LaunchScreen.storyboard in Resources */,
				845D6F5623CCAD6B00BEECBB /* start.txt in Resources */,
				845D6F4B23CCA91000BEECBB /* Assets.xcassets in Resources */,
				845D6F4923CCA90E00BEECBB /* Main.storyboard in Resources */,
			);
			runOnlyForDeploymentPostprocessing = 0;
		};
/* End PBXResourcesBuildPhase section */

/* Begin PBXSourcesBuildPhase section */
		845D6F3A23CCA90E00BEECBB /* Sources */ = {
			isa = PBXSourcesBuildPhase;
			buildActionMask = 2147483647;
			files = (
				845D6F4623CCA90E00BEECBB /* ViewController.swift in Sources */,
				845D6F4223CCA90E00BEECBB /* AppDelegate.swift in Sources */,
				845D6F4423CCA90E00BEECBB /* SceneDelegate.swift in Sources */,
			);
			runOnlyForDeploymentPostprocessing = 0;
		};
/* End PBXSourcesBuildPhase section */

/* Begin PBXVariantGroup section */
		845D6F4723CCA90E00BEECBB /* Main.storyboard */ = {
			isa = PBXVariantGroup;
			children = (
				845D6F4823CCA90E00BEECBB /* Base */,
			);
			name = Main.storyboard;
			sourceTree = "<group>";
		};
		845D6F4C23CCA91000BEECBB /* LaunchScreen.storyboard */ = {
			isa = PBXVariantGroup;
			children = (
				845D6F4D23CCA91000BEECBB /* Base */,
			);
			name = LaunchScreen.storyboard;
			sourceTree = "<group>";
		};
/* End PBXVariantGroup section */

/* Begin XCBuildConfiguration section */
		845D6F5023CCA91000BEECBB /* Debug */ = {
			isa = XCBuildConfiguration;
			buildSettings = {
				ALWAYS_SEARCH_USER_PATHS = NO;
				CLANG_ANALYZER_NONNULL = YES;
				CLANG_ANALYZER_NUMBER_OBJECT_CONVERSION = YES_AGGRESSIVE;
				CLANG_CXX_LANGUAGE_STANDARD = "gnu++14";
				CLANG_CXX_LIBRARY = "libc++";
				CLANG_ENABLE_MODULES = YES;
				CLANG_ENABLE_OBJC_ARC = YES;
				CLANG_ENABLE_OBJC_WEAK = YES;
				CLANG_WARN_BLOCK_CAPTURE_AUTORELEASING = YES;
				CLANG_WARN_BOOL_CONVERSION = YES;
				CLANG_WARN_COMMA = YES;
				CLANG_WARN_CONSTANT_CONVERSION = YES;
				CLANG_WARN_DEPRECATED_OBJC_IMPLEMENTATIONS = YES;
				CLANG_WARN_DIRECT_OBJC_ISA_USAGE = YES_ERROR;
				CLANG_WARN_DOCUMENTATION_COMMENTS = YES;
				CLANG_WARN_EMPTY_BODY = YES;
				CLANG_WARN_ENUM_CONVERSION = YES;
				CLANG_WARN_INFINITE_RECURSION = YES;
				CLANG_WARN_INT_CONVERSION = YES;
				CLANG_WARN_NON_LITERAL_NULL_CONVERSION = YES;
				CLANG_WARN_OBJC_IMPLICIT_RETAIN_SELF = YES;
				CLANG_WARN_OBJC_LITERAL_CONVERSION = YES;
				CLANG_WARN_OBJC_ROOT_CLASS = YES_ERROR;
				CLANG_WARN_RANGE_LOOP_ANALYSIS = YES;
				CLANG_WARN_STRICT_PROTOTYPES = YES;
				CLANG_WARN_SUSPICIOUS_MOVE = YES;
				CLANG_WARN_UNGUARDED_AVAILABILITY = YES_AGGRESSIVE;
				CLANG_WARN_UNREACHABLE_CODE = YES;
				CLANG_WARN__DUPLICATE_METHOD_MATCH = YES;
				COPY_PHASE_STRIP = NO;
				DEBUG_INFORMATION_FORMAT = dwarf;
				ENABLE_STRICT_OBJC_MSGSEND = YES;
				ENABLE_TESTABILITY = YES;
				GCC_C_LANGUAGE_STANDARD = gnu11;
				GCC_DYNAMIC_NO_PIC = NO;
				GCC_NO_COMMON_BLOCKS = YES;
				GCC_OPTIMIZATION_LEVEL = 0;
				GCC_PREPROCESSOR_DEFINITIONS = (
					"DEBUG=1",
					"$(inherited)",
				);
				GCC_WARN_64_TO_32_BIT_CONVERSION = YES;
				GCC_WARN_ABOUT_RETURN_TYPE = YES_ERROR;
				GCC_WARN_UNDECLARED_SELECTOR = YES;
				GCC_WARN_UNINITIALIZED_AUTOS = YES_AGGRESSIVE;
				GCC_WARN_UNUSED_FUNCTION = YES;
				GCC_WARN_UNUSED_VARIABLE = YES;
				IPHONEOS_DEPLOYMENT_TARGET = 13.2;
				MTL_ENABLE_DEBUG_INFO = INCLUDE_SOURCE;
				MTL_FAST_MATH = YES;
				ONLY_ACTIVE_ARCH = YES;
				SDKROOT = iphoneos;
				SWIFT_ACTIVE_COMPILATION_CONDITIONS = DEBUG;
				SWIFT_OPTIMIZATION_LEVEL = "-Onone";
			};
			name = Debug;
		};
		845D6F5123CCA91000BEECBB /* Release */ = {
			isa = XCBuildConfiguration;
			buildSettings = {
				ALWAYS_SEARCH_USER_PATHS = NO;
				CLANG_ANALYZER_NONNULL = YES;
				CLANG_ANALYZER_NUMBER_OBJECT_CONVERSION = YES_AGGRESSIVE;
				CLANG_CXX_LANGUAGE_STANDARD = "gnu++14";
				CLANG_CXX_LIBRARY = "libc++";
				CLANG_ENABLE_MODULES = YES;
				CLANG_ENABLE_OBJC_ARC = YES;
				CLANG_ENABLE_OBJC_WEAK = YES;
				CLANG_WARN_BLOCK_CAPTURE_AUTORELEASING = YES;
				CLANG_WARN_BOOL_CONVERSION = YES;
				CLANG_WARN_COMMA = YES;
				CLANG_WARN_CONSTANT_CONVERSION = YES;
				CLANG_WARN_DEPRECATED_OBJC_IMPLEMENTATIONS = YES;
				CLANG_WARN_DIRECT_OBJC_ISA_USAGE = YES_ERROR;
				CLANG_WARN_DOCUMENTATION_COMMENTS = YES;
				CLANG_WARN_EMPTY_BODY = YES;
				CLANG_WARN_ENUM_CONVERSION = YES;
				CLANG_WARN_INFINITE_RECURSION = YES;
				CLANG_WARN_INT_CONVERSION = YES;
				CLANG_WARN_NON_LITERAL_NULL_CONVERSION = YES;
				CLANG_WARN_OBJC_IMPLICIT_RETAIN_SELF = YES;
				CLANG_WARN_OBJC_LITERAL_CONVERSION = YES;
				CLANG_WARN_OBJC_ROOT_CLASS = YES_ERROR;
				CLANG_WARN_RANGE_LOOP_ANALYSIS = YES;
				CLANG_WARN_STRICT_PROTOTYPES = YES;
				CLANG_WARN_SUSPICIOUS_MOVE = YES;
				CLANG_WARN_UNGUARDED_AVAILABILITY = YES_AGGRESSIVE;
				CLANG_WARN_UNREACHABLE_CODE = YES;
				CLANG_WARN__DUPLICATE_METHOD_MATCH = YES;
				COPY_PHASE_STRIP = NO;
				DEBUG_INFORMATION_FORMAT = "dwarf-with-dsym";
				ENABLE_NS_ASSERTIONS = NO;
				ENABLE_STRICT_OBJC_MSGSEND = YES;
				GCC_C_LANGUAGE_STANDARD = gnu11;
				GCC_NO_COMMON_BLOCKS = YES;
				GCC_WARN_64_TO_32_BIT_CONVERSION = YES;
				GCC_WARN_ABOUT_RETURN_TYPE = YES_ERROR;
				GCC_WARN_UNDECLARED_SELECTOR = YES;
				GCC_WARN_UNINITIALIZED_AUTOS = YES_AGGRESSIVE;
				GCC_WARN_UNUSED_FUNCTION = YES;
				GCC_WARN_UNUSED_VARIABLE = YES;
				IPHONEOS_DEPLOYMENT_TARGET = 13.2;
				MTL_ENABLE_DEBUG_INFO = NO;
				MTL_FAST_MATH = YES;
				SDKROOT = iphoneos;
				SWIFT_COMPILATION_MODE = wholemodule;
				SWIFT_OPTIMIZATION_LEVEL = "-O";
				VALIDATE_PRODUCT = YES;
			};
			name = Release;
		};
		845D6F5323CCA91000BEECBB /* Debug */ = {
			isa = XCBuildConfiguration;
			buildSettings = {
				ASSETCATALOG_COMPILER_APPICON_NAME = AppIcon;
				CODE_SIGN_STYLE = Automatic;
				DEVELOPMENT_TEAM = W23277VYWR;
				INFOPLIST_FILE = project5/Info.plist;
				LD_RUNPATH_SEARCH_PATHS = (
					"$(inherited)",
					"@executable_path/Frameworks",
				);
				PRODUCT_BUNDLE_IDENTIFIER = personal.project5;
				PRODUCT_NAME = "$(TARGET_NAME)";
				SWIFT_VERSION = 5.0;
				TARGETED_DEVICE_FAMILY = "1,2";
			};
			name = Debug;
		};
		845D6F5423CCA91000BEECBB /* Release */ = {
			isa = XCBuildConfiguration;
			buildSettings = {
				ASSETCATALOG_COMPILER_APPICON_NAME = AppIcon;
				CODE_SIGN_STYLE = Automatic;
				DEVELOPMENT_TEAM = W23277VYWR;
				INFOPLIST_FILE = project5/Info.plist;
				LD_RUNPATH_SEARCH_PATHS = (
					"$(inherited)",
					"@executable_path/Frameworks",
				);
				PRODUCT_BUNDLE_IDENTIFIER = personal.project5;
				PRODUCT_NAME = "$(TARGET_NAME)";
				SWIFT_VERSION = 5.0;
				TARGETED_DEVICE_FAMILY = "1,2";
			};
			name = Release;
		};
/* End XCBuildConfiguration section */

/* Begin XCConfigurationList section */
		845D6F3923CCA90E00BEECBB /* Build configuration list for PBXProject "project5" */ = {
			isa = XCConfigurationList;
			buildConfigurations = (
				845D6F5023CCA91000BEECBB /* Debug */,
				845D6F5123CCA91000BEECBB /* Release */,
			);
			defaultConfigurationIsVisible = 0;
			defaultConfigurationName = Release;
		};
		845D6F5223CCA91000BEECBB /* Build configuration list for PBXNativeTarget "project5" */ = {
			isa = XCConfigurationList;
			buildConfigurations = (
				845D6F5323CCA91000BEECBB /* Debug */,
				845D6F5423CCA91000BEECBB /* Release */,
			);
			defaultConfigurationIsVisible = 0;
			defaultConfigurationName = Release;
		};
/* End XCConfigurationList section */
	};
	rootObject = 845D6F3623CCA90E00BEECBB /* Project object */;
}
